{
  "name": "@dondsp/kontextstack",
  "version": "0.1.0-alpha.1",
  "lockfileVersion": 3,
  "requires": true,
  "packages": {
    "": {
      "name": "@dondsp/kontextstack",
      "version": "0.1.0-alpha.1",
      "license": "Apache-2.0",
      "bin": {
        "kontextstack": "bin/kontextstack.js"
      },
      "engines": {
        "node": ">=20"
      }
    }
  }
}
